
Microsoft Visual Studio Solution File, Format Version 12.00
# Visual Studio Version 17
VisualStudioVersion = 17.8.34511.84
MinimumVisualStudioVersion = 10.0.40219.1
Project("{FAE04EC0-301F-11D3-BF4B-00C04F79EFBC}") = "dmv6", "dmv6\dmv6\dmv6.csproj", "{82B6ECED-1FC7-4786-9819-DE677B91E921}"
EndProject
Project("{FAE04EC0-301F-11D3-BF4B-00C04F79EFBC}") = "dmv6.Client", "dmv6\dmv6.Client\dmv6.Client.csproj", "{9BF9000D-173A-4701-B27E-0183228019EC}"
EndProject
Global
	GlobalSection(SolutionConfigurationPlatforms) = preSolution
		Debug|Any CPU = Debug|Any CPU
		Release|Any CPU = Release|Any CPU
	EndGlobalSection
	GlobalSection(ProjectConfigurationPlatforms) = postSolution
		{82B6ECED-1FC7-4786-9819-DE677B91E921}.Debug|Any CPU.ActiveCfg = Debug|Any CPU
		{82B6ECED-1FC7-4786-9819-DE677B91E921}.Debug|Any CPU.Build.0 = Debug|Any CPU
		{82B6ECED-1FC7-4786-9819-DE677B91E921}.Release|Any CPU.ActiveCfg = Release|Any CPU
		{82B6ECED-1FC7-4786-9819-DE677B91E921}.Release|Any CPU.Build.0 = Release|Any CPU
		{9BF9000D-173A-4701-B27E-0183228019EC}.Debug|Any CPU.ActiveCfg = Debug|Any CPU
		{9BF9000D-173A-4701-B27E-0183228019EC}.Debug|Any CPU.Build.0 = Debug|Any CPU
		{9BF9000D-173A-4701-B27E-0183228019EC}.Release|Any CPU.ActiveCfg = Release|Any CPU
		{9BF9000D-173A-4701-B27E-0183228019EC}.Release|Any CPU.Build.0 = Release|Any CPU
	EndGlobalSection
	GlobalSection(SolutionProperties) = preSolution
		HideSolutionNode = FALSE
	EndGlobalSection
	GlobalSection(ExtensibilityGlobals) = postSolution
		SolutionGuid = {7C0E83E3-94F4-436F-9469-521893970053}
	EndGlobalSection
EndGlobal
